
Microsoft Visual Studio Solution File, Format Version 12.00
# Visual Studio Version 17
VisualStudioVersion = 17.10.34707.107
MinimumVisualStudioVersion = 10.0.40219.1
Project("{FAE04EC0-301F-11D3-BF4B-00C04F79EFBC}") = "Api", "Api\Api.csproj", "{5C5555FA-F018-4259-8161-99350D6A6EDF}"
EndProject
Project("{FAE04EC0-301F-11D3-BF4B-00C04F79EFBC}") = "Application", "Application\Application.csproj", "{BB816694-E9B7-48BD-A9B0-75A4615F7785}"
EndProject
Global
	GlobalSection(SolutionConfigurationPlatforms) = preSolution
		Debug|Any CPU = Debug|Any CPU
		Release|Any CPU = Release|Any CPU
	EndGlobalSection
	GlobalSection(ProjectConfigurationPlatforms) = postSolution
		{5C5555FA-F018-4259-8161-99350D6A6EDF}.Debug|Any CPU.ActiveCfg = Debug|Any CPU
		{5C5555FA-F018-4259-8161-99350D6A6EDF}.Debug|Any CPU.Build.0 = Debug|Any CPU
		{5C5555FA-F018-4259-8161-99350D6A6EDF}.Release|Any CPU.ActiveCfg = Release|Any CPU
		{5C5555FA-F018-4259-8161-99350D6A6EDF}.Release|Any CPU.Build.0 = Release|Any CPU
		{BB816694-E9B7-48BD-A9B0-75A4615F7785}.Debug|Any CPU.ActiveCfg = Debug|Any CPU
		{BB816694-E9B7-48BD-A9B0-75A4615F7785}.Debug|Any CPU.Build.0 = Debug|Any CPU
		{BB816694-E9B7-48BD-A9B0-75A4615F7785}.Release|Any CPU.ActiveCfg = Release|Any CPU
		{BB816694-E9B7-48BD-A9B0-75A4615F7785}.Release|Any CPU.Build.0 = Release|Any CPU
	EndGlobalSection
	GlobalSection(SolutionProperties) = preSolution
		HideSolutionNode = FALSE
	EndGlobalSection
	GlobalSection(ExtensibilityGlobals) = postSolution
		SolutionGuid = {0112F447-63BE-4646-B552-904A1FBA7C1B}
	EndGlobalSection
EndGlobal
